
Microsoft Visual Studio Solution File, Format Version 12.00
# Visual Studio Version 16
VisualStudioVersion = 16.0.31410.357
MinimumVisualStudioVersion = 10.0.40219.1
Project("{FAE04EC0-301F-11D3-BF4B-00C04F79EFBC}") = "SourceGenTest", "SourceGenTest\SourceGenTest.csproj", "{FCC23207-540D-4783-8294-76A456F5491C}"
EndProject
Project("{FAE04EC0-301F-11D3-BF4B-00C04F79EFBC}") = "SourceGen", "SourceGen\SourceGen.csproj", "{C245AB64-A5D6-4DA9-A708-3F202FAB8EC6}"
EndProject
Global
	GlobalSection(SolutionConfigurationPlatforms) = preSolution
		Debug|Any CPU = Debug|Any CPU
		Release|Any CPU = Release|Any CPU
	EndGlobalSection
	GlobalSection(ProjectConfigurationPlatforms) = postSolution
		{FCC23207-540D-4783-8294-76A456F5491C}.Debug|Any CPU.ActiveCfg = Debug|Any CPU
		{FCC23207-540D-4783-8294-76A456F5491C}.Debug|Any CPU.Build.0 = Debug|Any CPU
		{FCC23207-540D-4783-8294-76A456F5491C}.Release|Any CPU.ActiveCfg = Release|Any CPU
		{FCC23207-540D-4783-8294-76A456F5491C}.Release|Any CPU.Build.0 = Release|Any CPU
		{C245AB64-A5D6-4DA9-A708-3F202FAB8EC6}.Debug|Any CPU.ActiveCfg = Debug|Any CPU
		{C245AB64-A5D6-4DA9-A708-3F202FAB8EC6}.Debug|Any CPU.Build.0 = Debug|Any CPU
		{C245AB64-A5D6-4DA9-A708-3F202FAB8EC6}.Release|Any CPU.ActiveCfg = Release|Any CPU
		{C245AB64-A5D6-4DA9-A708-3F202FAB8EC6}.Release|Any CPU.Build.0 = Release|Any CPU
	EndGlobalSection
	GlobalSection(SolutionProperties) = preSolution
		HideSolutionNode = FALSE
	EndGlobalSection
	GlobalSection(ExtensibilityGlobals) = postSolution
		SolutionGuid = {7B802978-A5A1-4105-9CE0-501399B7FFFD}
	EndGlobalSection
EndGlobal
